
Microsoft Visual Studio Solution File, Format Version 12.00
# Visual Studio Version 17
VisualStudioVersion = 17.12.35707.178
MinimumVisualStudioVersion = 10.0.40219.1
Project("{00D1A9C2-B5F0-4AF3-8072-F6C62B433612}") = "DB", "DB\DB.sqlproj", "{CC099D06-ABDC-49D9-879E-8C2263372879}"
EndProject
Project("{FAE04EC0-301F-11D3-BF4B-00C04F79EFBC}") = "DAL", "DAL\DAL.csproj", "{739E54F5-D61F-4FF9-8C3C-2615E9323B1B}"
EndProject
Project("{FAE04EC0-301F-11D3-BF4B-00C04F79EFBC}") = "ConsoleTest", "ConsoleTest\ConsoleTest.csproj", "{7FDDEFAB-29A1-4F2B-852F-E759AD578A2B}"
EndProject
Project("{FAE04EC0-301F-11D3-BF4B-00C04F79EFBC}") = "BLL", "BLL\BLL.csproj", "{95A5A953-BAA2-462E-A1CB-E6939F787CF7}"
EndProject
Project("{FAE04EC0-301F-11D3-BF4B-00C04F79EFBC}") = "ASP-MVC", "ASP-MVC\ASP-MVC.csproj", "{DA2C8A61-3CC7-4931-B228-939734F71131}"
EndProject
Project("{FAE04EC0-301F-11D3-BF4B-00C04F79EFBC}") = "Common", "Common\Common.csproj", "{4EF6B6FE-1EE3-4967-8807-A5951737FA56}"
EndProject
Project("{FAE04EC0-301F-11D3-BF4B-00C04F79EFBC}") = "FakeDB", "FakeDB\FakeDB.csproj", "{F7AF6020-A06D-47CF-8A52-E8D7406C666B}"
EndProject
Global
	GlobalSection(SolutionConfigurationPlatforms) = preSolution
		Debug|Any CPU = Debug|Any CPU
		Release|Any CPU = Release|Any CPU
	EndGlobalSection
	GlobalSection(ProjectConfigurationPlatforms) = postSolution
		{CC099D06-ABDC-49D9-879E-8C2263372879}.Debug|Any CPU.ActiveCfg = Debug|Any CPU
		{CC099D06-ABDC-49D9-879E-8C2263372879}.Debug|Any CPU.Build.0 = Debug|Any CPU
		{CC099D06-ABDC-49D9-879E-8C2263372879}.Debug|Any CPU.Deploy.0 = Debug|Any CPU
		{CC099D06-ABDC-49D9-879E-8C2263372879}.Release|Any CPU.ActiveCfg = Release|Any CPU
		{CC099D06-ABDC-49D9-879E-8C2263372879}.Release|Any CPU.Build.0 = Release|Any CPU
		{CC099D06-ABDC-49D9-879E-8C2263372879}.Release|Any CPU.Deploy.0 = Release|Any CPU
		{739E54F5-D61F-4FF9-8C3C-2615E9323B1B}.Debug|Any CPU.ActiveCfg = Debug|Any CPU
		{739E54F5-D61F-4FF9-8C3C-2615E9323B1B}.Debug|Any CPU.Build.0 = Debug|Any CPU
		{739E54F5-D61F-4FF9-8C3C-2615E9323B1B}.Release|Any CPU.ActiveCfg = Release|Any CPU
		{739E54F5-D61F-4FF9-8C3C-2615E9323B1B}.Release|Any CPU.Build.0 = Release|Any CPU
		{7FDDEFAB-29A1-4F2B-852F-E759AD578A2B}.Debug|Any CPU.ActiveCfg = Debug|Any CPU
		{7FDDEFAB-29A1-4F2B-852F-E759AD578A2B}.Debug|Any CPU.Build.0 = Debug|Any CPU
		{7FDDEFAB-29A1-4F2B-852F-E759AD578A2B}.Release|Any CPU.ActiveCfg = Release|Any CPU
		{7FDDEFAB-29A1-4F2B-852F-E759AD578A2B}.Release|Any CPU.Build.0 = Release|Any CPU
		{95A5A953-BAA2-462E-A1CB-E6939F787CF7}.Debug|Any CPU.ActiveCfg = Debug|Any CPU
		{95A5A953-BAA2-462E-A1CB-E6939F787CF7}.Debug|Any CPU.Build.0 = Debug|Any CPU
		{95A5A953-BAA2-462E-A1CB-E6939F787CF7}.Release|Any CPU.ActiveCfg = Release|Any CPU
		{95A5A953-BAA2-462E-A1CB-E6939F787CF7}.Release|Any CPU.Build.0 = Release|Any CPU
		{DA2C8A61-3CC7-4931-B228-939734F71131}.Debug|Any CPU.ActiveCfg = Debug|Any CPU
		{DA2C8A61-3CC7-4931-B228-939734F71131}.Debug|Any CPU.Build.0 = Debug|Any CPU
		{DA2C8A61-3CC7-4931-B228-939734F71131}.Release|Any CPU.ActiveCfg = Release|Any CPU
		{DA2C8A61-3CC7-4931-B228-939734F71131}.Release|Any CPU.Build.0 = Release|Any CPU
		{4EF6B6FE-1EE3-4967-8807-A5951737FA56}.Debug|Any CPU.ActiveCfg = Debug|Any CPU
		{4EF6B6FE-1EE3-4967-8807-A5951737FA56}.Debug|Any CPU.Build.0 = Debug|Any CPU
		{4EF6B6FE-1EE3-4967-8807-A5951737FA56}.Release|Any CPU.ActiveCfg = Release|Any CPU
		{4EF6B6FE-1EE3-4967-8807-A5951737FA56}.Release|Any CPU.Build.0 = Release|Any CPU
		{F7AF6020-A06D-47CF-8A52-E8D7406C666B}.Debug|Any CPU.ActiveCfg = Debug|Any CPU
		{F7AF6020-A06D-47CF-8A52-E8D7406C666B}.Debug|Any CPU.Build.0 = Debug|Any CPU
		{F7AF6020-A06D-47CF-8A52-E8D7406C666B}.Release|Any CPU.ActiveCfg = Release|Any CPU
		{F7AF6020-A06D-47CF-8A52-E8D7406C666B}.Release|Any CPU.Build.0 = Release|Any CPU
	EndGlobalSection
	GlobalSection(SolutionProperties) = preSolution
		HideSolutionNode = FALSE
	EndGlobalSection
EndGlobal
